
Microsoft Visual Studio Solution File, Format Version 12.00
# Visual Studio Version 17
VisualStudioVersion = 17.9.34622.214
MinimumVisualStudioVersion = 10.0.40219.1
Project("{FAE04EC0-301F-11D3-BF4B-00C04F79EFBC}") = "acc_lez26_biblioteca_task", "acc_lez26_biblioteca_task\acc_lez26_biblioteca_task.csproj", "{0CA66BF9-3814-4C49-A49B-A3F44E7E42A8}"
EndProject
Global
	GlobalSection(SolutionConfigurationPlatforms) = preSolution
		Debug|Any CPU = Debug|Any CPU
		Release|Any CPU = Release|Any CPU
	EndGlobalSection
	GlobalSection(ProjectConfigurationPlatforms) = postSolution
		{0CA66BF9-3814-4C49-A49B-A3F44E7E42A8}.Debug|Any CPU.ActiveCfg = Debug|Any CPU
		{0CA66BF9-3814-4C49-A49B-A3F44E7E42A8}.Debug|Any CPU.Build.0 = Debug|Any CPU
		{0CA66BF9-3814-4C49-A49B-A3F44E7E42A8}.Release|Any CPU.ActiveCfg = Release|Any CPU
		{0CA66BF9-3814-4C49-A49B-A3F44E7E42A8}.Release|Any CPU.Build.0 = Release|Any CPU
	EndGlobalSection
	GlobalSection(SolutionProperties) = preSolution
		HideSolutionNode = FALSE
	EndGlobalSection
	GlobalSection(ExtensibilityGlobals) = postSolution
		SolutionGuid = {1D01C2F2-5A14-4EF2-8B16-BEB498642D33}
	EndGlobalSection
EndGlobal
